
Microsoft Visual Studio Solution File, Format Version 12.00
# Visual Studio Version 17
VisualStudioVersion = 17.7.34202.233
MinimumVisualStudioVersion = 10.0.40219.1
Project("{9A19103F-16F7-4668-BE54-9A1E7A4F7556}") = "MagicVilla_API", "MagicVilla_API\MagicVilla_API.csproj", "{07090D0C-576E-4919-AA9F-8AC08C1387A3}"
EndProject
Global
	GlobalSection(SolutionConfigurationPlatforms) = preSolution
		Debug|Any CPU = Debug|Any CPU
		Release|Any CPU = Release|Any CPU
	EndGlobalSection
	GlobalSection(ProjectConfigurationPlatforms) = postSolution
		{07090D0C-576E-4919-AA9F-8AC08C1387A3}.Debug|Any CPU.ActiveCfg = Debug|Any CPU
		{07090D0C-576E-4919-AA9F-8AC08C1387A3}.Debug|Any CPU.Build.0 = Debug|Any CPU
		{07090D0C-576E-4919-AA9F-8AC08C1387A3}.Release|Any CPU.ActiveCfg = Release|Any CPU
		{07090D0C-576E-4919-AA9F-8AC08C1387A3}.Release|Any CPU.Build.0 = Release|Any CPU
	EndGlobalSection
	GlobalSection(SolutionProperties) = preSolution
		HideSolutionNode = FALSE
	EndGlobalSection
	GlobalSection(ExtensibilityGlobals) = postSolution
		SolutionGuid = {E80AA62F-90E7-42CF-8CEB-54B7F36B1B72}
	EndGlobalSection
EndGlobal
